
Microsoft Visual Studio Solution File, Format Version 12.00
# Visual Studio Version 17
VisualStudioVersion = 17.11.35327.3
MinimumVisualStudioVersion = 10.0.40219.1
Project("{FAE04EC0-301F-11D3-BF4B-00C04F79EFBC}") = "ShipGame", "ShipGame.csproj", "{DC693F0C-2C4E-4555-8D05-3F7A50C9EE3D}"
EndProject
Global
	GlobalSection(SolutionConfigurationPlatforms) = preSolution
		Debug|Any CPU = Debug|Any CPU
		Release|Any CPU = Release|Any CPU
	EndGlobalSection
	GlobalSection(ProjectConfigurationPlatforms) = postSolution
		{DC693F0C-2C4E-4555-8D05-3F7A50C9EE3D}.Debug|Any CPU.ActiveCfg = Debug|Any CPU
		{DC693F0C-2C4E-4555-8D05-3F7A50C9EE3D}.Debug|Any CPU.Build.0 = Debug|Any CPU
		{DC693F0C-2C4E-4555-8D05-3F7A50C9EE3D}.Release|Any CPU.ActiveCfg = Release|Any CPU
		{DC693F0C-2C4E-4555-8D05-3F7A50C9EE3D}.Release|Any CPU.Build.0 = Release|Any CPU
	EndGlobalSection
	GlobalSection(SolutionProperties) = preSolution
		HideSolutionNode = FALSE
	EndGlobalSection
	GlobalSection(ExtensibilityGlobals) = postSolution
		SolutionGuid = {AFA9E7EB-CE21-49DF-BA5A-06BD52B773F8}
	EndGlobalSection
EndGlobal
